{
	"name": "netevt",
	"version": "0.1.0",
	"lockfileVersion": 1,
	"requires": true,
	"dependencies": {
		"jsboost": {
			"version": "0.1.8",
			"resolved": "https://registry.npmjs.org/jsboost/-/jsboost-0.1.8.tgz",
			"integrity": "sha512-gBriMMr6m/9o0A1o/WDbMrT3vbSqOWTDDPPs/pYWFOGmWQut6nciTOVKdKL+lYzVMR+WYzzzuzuDFQFcM0jEAw=="
		}
	}
}
